
Microsoft Visual Studio Solution File, Format Version 12.00
# Visual Studio 15
VisualStudioVersion = 15.0.28307.421
MinimumVisualStudioVersion = 10.0.40219.1
Project("{FAE04EC0-301F-11D3-BF4B-00C04F79EFBC}") = "DotAIPtoXML", "DotAIPtoXML\DotAIPtoXML.csproj", "{CAA02649-88E8-4AA8-8AB9-C84FECD72CF0}"
EndProject
Global
	GlobalSection(SolutionConfigurationPlatforms) = preSolution
		Debug|Any CPU = Debug|Any CPU
		Release|Any CPU = Release|Any CPU
	EndGlobalSection
	GlobalSection(ProjectConfigurationPlatforms) = postSolution
		{CAA02649-88E8-4AA8-8AB9-C84FECD72CF0}.Debug|Any CPU.ActiveCfg = Debug|Any CPU
		{CAA02649-88E8-4AA8-8AB9-C84FECD72CF0}.Debug|Any CPU.Build.0 = Debug|Any CPU
		{CAA02649-88E8-4AA8-8AB9-C84FECD72CF0}.Release|Any CPU.ActiveCfg = Release|Any CPU
		{CAA02649-88E8-4AA8-8AB9-C84FECD72CF0}.Release|Any CPU.Build.0 = Release|Any CPU
	EndGlobalSection
	GlobalSection(SolutionProperties) = preSolution
		HideSolutionNode = FALSE
	EndGlobalSection
	GlobalSection(ExtensibilityGlobals) = postSolution
		SolutionGuid = {7501D44C-F0A8-415D-9130-33EC4CE28378}
	EndGlobalSection
EndGlobal
