
Microsoft Visual Studio Solution File, Format Version 12.00
# Visual Studio Version 16
VisualStudioVersion = 16.0.30104.148
MinimumVisualStudioVersion = 10.0.40219.1
Project("{FAE04EC0-301F-11D3-BF4B-00C04F79EFBC}") = "CoastlineGENConverter", "CoastlineGENConverter.csproj", "{5BB4D64F-0659-44ED-93F8-91853B99E0F6}"
EndProject
Global
	GlobalSection(SolutionConfigurationPlatforms) = preSolution
		Debug|Any CPU = Debug|Any CPU
		Release|Any CPU = Release|Any CPU
	EndGlobalSection
	GlobalSection(ProjectConfigurationPlatforms) = postSolution
		{5BB4D64F-0659-44ED-93F8-91853B99E0F6}.Debug|Any CPU.ActiveCfg = Debug|Any CPU
		{5BB4D64F-0659-44ED-93F8-91853B99E0F6}.Debug|Any CPU.Build.0 = Debug|Any CPU
		{5BB4D64F-0659-44ED-93F8-91853B99E0F6}.Release|Any CPU.ActiveCfg = Release|Any CPU
		{5BB4D64F-0659-44ED-93F8-91853B99E0F6}.Release|Any CPU.Build.0 = Release|Any CPU
	EndGlobalSection
	GlobalSection(SolutionProperties) = preSolution
		HideSolutionNode = FALSE
	EndGlobalSection
	GlobalSection(ExtensibilityGlobals) = postSolution
		SolutionGuid = {9537DE08-5895-4280-B75E-0C56249DB418}
	EndGlobalSection
EndGlobal
